<?xml version="1.0" encoding="UTF-8" standalone="yes" ?>
<CodeBlocks_project_file>
	<FileVersion major="1" minor="6" />
	<Project>
		<Option title="ColoseumUnitTest" />
		<Option pch_mode="2" />
		<Option compiler="gcc" />
		<Build>
			<Target title="Debug">
				<Option output="bin/Debug/ColoseumUnitTest" prefix_auto="1" extension_auto="1" />
				<Option object_output="obj/Debug/" />
				<Option type="1" />
				<Option compiler="gcc" />
				<Compiler>
					<Add option="-g" />
					<Add directory="../UnitTest++" />
					<Add directory="../coloseumcpp/src/Models" />
					<Add directory="../coloseumcpp/include/Models" />
				</Compiler>
				<Linker>
					<Add library="..\coloseumcpp\bin\Debug\coloseum.a" />
					<Add library="..\UnitTest++\Deliv\Debug\libUnitTest++.a" />
				</Linker>
				<ExtraCommands>
					<Add after="$exe_output" />
					<Mode after="always" />
				</ExtraCommands>
			</Target>
			<Target title="Release">
				<Option output="bin/Release/ColoseumUnitTest" prefix_auto="1" extension_auto="1" />
				<Option object_output="obj/Release/" />
				<Option type="1" />
				<Option compiler="gcc" />
				<Compiler>
					<Add option="-O2" />
					<Add directory="../UnitTest++" />
					<Add directory="../coloseumcpp/src/Models" />
					<Add directory="../coloseumcpp/include/Models" />
				</Compiler>
				<Linker>
					<Add option="-s" />
					<Add library="..\UnitTest++\Deliv\Debug\libUnitTest++.a" />
					<Add library="..\coloseumcpp\bin\Debug\coloseum.a" />
				</Linker>
				<ExtraCommands>
					<Add after="$exe_output" />
					<Mode after="always" />
				</ExtraCommands>
			</Target>
		</Build>
		<Compiler>
			<Add option="-Wall" />
			<Add option="-fexceptions" />
		</Compiler>
		<Unit filename="main.cpp" />
		<Extensions>
			<code_completion />
			<envvars />
			<debugger />
			<lib_finder disable_auto="1" />
		</Extensions>
	</Project>
</CodeBlocks_project_file>
